
Microsoft Visual Studio Solution File, Format Version 12.00
# Visual Studio Version 16
VisualStudioVersion = 16.0.30804.86
MinimumVisualStudioVersion = 10.0.40219.1
Project("{9A19103F-16F7-4668-BE54-9A1E7A4F7556}") = "Bare.TestUnit", "Bare.TestUnit\Bare.TestUnit.csproj", "{BC1B8774-A66A-4536-B160-5A0A0A085F5D}"
EndProject
Project("{9A19103F-16F7-4668-BE54-9A1E7A4F7556}") = "Bare.WorkerService", "Bare.WorkerService\Bare.WorkerService.csproj", "{09FD34E6-4FA3-494C-9488-B429936C3DC2}"
EndProject
Project("{9A19103F-16F7-4668-BE54-9A1E7A4F7556}") = "Bare.Services", "Bare.Services\Bare.Services.csproj", "{99361A88-73C3-4E5B-95EB-CFCCC9A2B5E4}"
EndProject
Project("{FAE04EC0-301F-11D3-BF4B-00C04F79EFBC}") = "Bare.Domain", "Bare.Domain\Bare.Domain.csproj", "{E68A8958-3F9E-4243-ABAA-48CC509942F0}"
EndProject
Global
	GlobalSection(SolutionConfigurationPlatforms) = preSolution
		Debug|Any CPU = Debug|Any CPU
		Release|Any CPU = Release|Any CPU
	EndGlobalSection
	GlobalSection(ProjectConfigurationPlatforms) = postSolution
		{BC1B8774-A66A-4536-B160-5A0A0A085F5D}.Debug|Any CPU.ActiveCfg = Debug|Any CPU
		{BC1B8774-A66A-4536-B160-5A0A0A085F5D}.Debug|Any CPU.Build.0 = Debug|Any CPU
		{BC1B8774-A66A-4536-B160-5A0A0A085F5D}.Release|Any CPU.ActiveCfg = Release|Any CPU
		{BC1B8774-A66A-4536-B160-5A0A0A085F5D}.Release|Any CPU.Build.0 = Release|Any CPU
		{09FD34E6-4FA3-494C-9488-B429936C3DC2}.Debug|Any CPU.ActiveCfg = Debug|Any CPU
		{09FD34E6-4FA3-494C-9488-B429936C3DC2}.Debug|Any CPU.Build.0 = Debug|Any CPU
		{09FD34E6-4FA3-494C-9488-B429936C3DC2}.Release|Any CPU.ActiveCfg = Release|Any CPU
		{09FD34E6-4FA3-494C-9488-B429936C3DC2}.Release|Any CPU.Build.0 = Release|Any CPU
		{99361A88-73C3-4E5B-95EB-CFCCC9A2B5E4}.Debug|Any CPU.ActiveCfg = Debug|Any CPU
		{99361A88-73C3-4E5B-95EB-CFCCC9A2B5E4}.Debug|Any CPU.Build.0 = Debug|Any CPU
		{99361A88-73C3-4E5B-95EB-CFCCC9A2B5E4}.Release|Any CPU.ActiveCfg = Release|Any CPU
		{99361A88-73C3-4E5B-95EB-CFCCC9A2B5E4}.Release|Any CPU.Build.0 = Release|Any CPU
		{E68A8958-3F9E-4243-ABAA-48CC509942F0}.Debug|Any CPU.ActiveCfg = Debug|Any CPU
		{E68A8958-3F9E-4243-ABAA-48CC509942F0}.Debug|Any CPU.Build.0 = Debug|Any CPU
		{E68A8958-3F9E-4243-ABAA-48CC509942F0}.Release|Any CPU.ActiveCfg = Release|Any CPU
		{E68A8958-3F9E-4243-ABAA-48CC509942F0}.Release|Any CPU.Build.0 = Release|Any CPU
	EndGlobalSection
	GlobalSection(SolutionProperties) = preSolution
		HideSolutionNode = FALSE
	EndGlobalSection
	GlobalSection(ExtensibilityGlobals) = postSolution
		SolutionGuid = {31EF978A-CE22-471B-9F20-D73B605C5F18}
	EndGlobalSection
EndGlobal
